
Microsoft Visual Studio Solution File, Format Version 12.00
# Visual Studio 15
VisualStudioVersion = 15.0.27004.2002
MinimumVisualStudioVersion = 10.0.40219.1
Project("{FAE04EC0-301F-11D3-BF4B-00C04F79EFBC}") = "eth.Telegram.BotApi.Objects", "eth.Telegram.BotApi.Objects\eth.Telegram.BotApi.Objects.csproj", "{058856D0-B5B7-4068-870C-B44F7B8D47A1}"
EndProject
Project("{FAE04EC0-301F-11D3-BF4B-00C04F79EFBC}") = "eth.Telegram.BotApi", "eth.Telegram.BotApi\eth.Telegram.BotApi.csproj", "{FE38A951-9AAA-4F64-8557-9D9E0E8CBBD0}"
EndProject
Project("{FAE04EC0-301F-11D3-BF4B-00C04F79EFBC}") = "eth.Common", "eth.Common\eth.Common.csproj", "{370D9116-F209-4465-811B-60D68E9675D2}"
EndProject
Project("{FAE04EC0-301F-11D3-BF4B-00C04F79EFBC}") = "eth.TestApp", "eth.TestApp\eth.TestApp.csproj", "{7E355AB8-4756-45F1-9CEF-56B91F03E666}"
EndProject
Project("{2150E333-8FDC-42A3-9474-1A3956D46DE8}") = "Telegram", "Telegram", "{A9E6D184-FB18-4CDC-A01A-2307C2D2EDC2}"
EndProject
Project("{FAE04EC0-301F-11D3-BF4B-00C04F79EFBC}") = "eth.Eve", "eth.Eve\eth.Eve.csproj", "{76557207-8F96-4750-A90C-93D7DE086392}"
EndProject
Project("{2150E333-8FDC-42A3-9474-1A3956D46DE8}") = "Eve", "Eve", "{704296CC-521D-4039-8861-9A7353F765C2}"
EndProject
Project("{FAE04EC0-301F-11D3-BF4B-00C04F79EFBC}") = "eth.Eve.PluginSystem", "eth.Eve.PluginSystem\eth.Eve.PluginSystem.csproj", "{AD7A62E3-D448-4A7F-94BE-1496F8A93487}"
EndProject
Project("{FAE04EC0-301F-11D3-BF4B-00C04F79EFBC}") = "eth.Eve.Storage", "eth.Eve.Storage\eth.Eve.Storage.csproj", "{9D11D33B-C7FE-4835-8576-643F55CCB206}"
EndProject
Project("{FAE04EC0-301F-11D3-BF4B-00C04F79EFBC}") = "eth.Eve.PluginSystem.BasePlugins", "eth.Eve.PluginSystem.BasePlugins\eth.Eve.PluginSystem.BasePlugins.csproj", "{BFD70AD6-88ED-4F08-835A-F2B99D3A7D7B}"
EndProject
Global
	GlobalSection(SolutionConfigurationPlatforms) = preSolution
		Debug|Any CPU = Debug|Any CPU
		Release|Any CPU = Release|Any CPU
	EndGlobalSection
	GlobalSection(ProjectConfigurationPlatforms) = postSolution
		{058856D0-B5B7-4068-870C-B44F7B8D47A1}.Debug|Any CPU.ActiveCfg = Debug|Any CPU
		{058856D0-B5B7-4068-870C-B44F7B8D47A1}.Debug|Any CPU.Build.0 = Debug|Any CPU
		{058856D0-B5B7-4068-870C-B44F7B8D47A1}.Release|Any CPU.ActiveCfg = Release|Any CPU
		{058856D0-B5B7-4068-870C-B44F7B8D47A1}.Release|Any CPU.Build.0 = Release|Any CPU
		{FE38A951-9AAA-4F64-8557-9D9E0E8CBBD0}.Debug|Any CPU.ActiveCfg = Debug|Any CPU
		{FE38A951-9AAA-4F64-8557-9D9E0E8CBBD0}.Debug|Any CPU.Build.0 = Debug|Any CPU
		{FE38A951-9AAA-4F64-8557-9D9E0E8CBBD0}.Release|Any CPU.ActiveCfg = Release|Any CPU
		{FE38A951-9AAA-4F64-8557-9D9E0E8CBBD0}.Release|Any CPU.Build.0 = Release|Any CPU
		{370D9116-F209-4465-811B-60D68E9675D2}.Debug|Any CPU.ActiveCfg = Debug|Any CPU
		{370D9116-F209-4465-811B-60D68E9675D2}.Debug|Any CPU.Build.0 = Debug|Any CPU
		{370D9116-F209-4465-811B-60D68E9675D2}.Release|Any CPU.ActiveCfg = Release|Any CPU
		{370D9116-F209-4465-811B-60D68E9675D2}.Release|Any CPU.Build.0 = Release|Any CPU
		{7E355AB8-4756-45F1-9CEF-56B91F03E666}.Debug|Any CPU.ActiveCfg = Debug|Any CPU
		{7E355AB8-4756-45F1-9CEF-56B91F03E666}.Debug|Any CPU.Build.0 = Debug|Any CPU
		{7E355AB8-4756-45F1-9CEF-56B91F03E666}.Release|Any CPU.ActiveCfg = Release|Any CPU
		{7E355AB8-4756-45F1-9CEF-56B91F03E666}.Release|Any CPU.Build.0 = Release|Any CPU
		{76557207-8F96-4750-A90C-93D7DE086392}.Debug|Any CPU.ActiveCfg = Debug|Any CPU
		{76557207-8F96-4750-A90C-93D7DE086392}.Debug|Any CPU.Build.0 = Debug|Any CPU
		{76557207-8F96-4750-A90C-93D7DE086392}.Release|Any CPU.ActiveCfg = Release|Any CPU
		{76557207-8F96-4750-A90C-93D7DE086392}.Release|Any CPU.Build.0 = Release|Any CPU
		{AD7A62E3-D448-4A7F-94BE-1496F8A93487}.Debug|Any CPU.ActiveCfg = Debug|Any CPU
		{AD7A62E3-D448-4A7F-94BE-1496F8A93487}.Debug|Any CPU.Build.0 = Debug|Any CPU
		{AD7A62E3-D448-4A7F-94BE-1496F8A93487}.Release|Any CPU.ActiveCfg = Release|Any CPU
		{AD7A62E3-D448-4A7F-94BE-1496F8A93487}.Release|Any CPU.Build.0 = Release|Any CPU
		{9D11D33B-C7FE-4835-8576-643F55CCB206}.Debug|Any CPU.ActiveCfg = Debug|Any CPU
		{9D11D33B-C7FE-4835-8576-643F55CCB206}.Debug|Any CPU.Build.0 = Debug|Any CPU
		{9D11D33B-C7FE-4835-8576-643F55CCB206}.Release|Any CPU.ActiveCfg = Release|Any CPU
		{9D11D33B-C7FE-4835-8576-643F55CCB206}.Release|Any CPU.Build.0 = Release|Any CPU
		{BFD70AD6-88ED-4F08-835A-F2B99D3A7D7B}.Debug|Any CPU.ActiveCfg = Debug|Any CPU
		{BFD70AD6-88ED-4F08-835A-F2B99D3A7D7B}.Debug|Any CPU.Build.0 = Debug|Any CPU
		{BFD70AD6-88ED-4F08-835A-F2B99D3A7D7B}.Release|Any CPU.ActiveCfg = Release|Any CPU
		{BFD70AD6-88ED-4F08-835A-F2B99D3A7D7B}.Release|Any CPU.Build.0 = Release|Any CPU
	EndGlobalSection
	GlobalSection(SolutionProperties) = preSolution
		HideSolutionNode = FALSE
	EndGlobalSection
	GlobalSection(NestedProjects) = preSolution
		{058856D0-B5B7-4068-870C-B44F7B8D47A1} = {A9E6D184-FB18-4CDC-A01A-2307C2D2EDC2}
		{FE38A951-9AAA-4F64-8557-9D9E0E8CBBD0} = {A9E6D184-FB18-4CDC-A01A-2307C2D2EDC2}
		{76557207-8F96-4750-A90C-93D7DE086392} = {704296CC-521D-4039-8861-9A7353F765C2}
		{AD7A62E3-D448-4A7F-94BE-1496F8A93487} = {704296CC-521D-4039-8861-9A7353F765C2}
		{9D11D33B-C7FE-4835-8576-643F55CCB206} = {704296CC-521D-4039-8861-9A7353F765C2}
		{BFD70AD6-88ED-4F08-835A-F2B99D3A7D7B} = {704296CC-521D-4039-8861-9A7353F765C2}
	EndGlobalSection
	GlobalSection(ExtensibilityGlobals) = postSolution
		SolutionGuid = {47A40E27-75E8-455E-9B29-5296DD7E3AFA}
	EndGlobalSection
EndGlobal
